
Microsoft Visual Studio Solution File, Format Version 12.00
# Visual Studio Version 17
VisualStudioVersion = 17.0.31808.319
MinimumVisualStudioVersion = 10.0.40219.1
Project("{9A19103F-16F7-4668-BE54-9A1E7A4F7556}") = "WPFCoreEx", "WPFCoreEx\WPFCoreEx.csproj", "{E931B246-F167-44AD-AF43-EEE49F93BFA9}"
EndProject
Project("{9A19103F-16F7-4668-BE54-9A1E7A4F7556}") = "WPFCoreEx.Abstractions", "WPFCoreEx.Abstractions\WPFCoreEx.Abstractions.csproj", "{E5BEC2C6-F310-4E4F-B3D2-1D9F2B08A10F}"
EndProject
Project("{9A19103F-16F7-4668-BE54-9A1E7A4F7556}") = "WPFCoreEx.Tests", "WPFCoreEx.Tests\WPFCoreEx.Tests.csproj", "{A9C4DB9A-0E55-402C-B9EF-A8E0864F9B11}"
	ProjectSection(ProjectDependencies) = postProject
		{E931B246-F167-44AD-AF43-EEE49F93BFA9} = {E931B246-F167-44AD-AF43-EEE49F93BFA9}
		{E5BEC2C6-F310-4E4F-B3D2-1D9F2B08A10F} = {E5BEC2C6-F310-4E4F-B3D2-1D9F2B08A10F}
	EndProjectSection
EndProject
Global
	GlobalSection(SolutionConfigurationPlatforms) = preSolution
		Debug|Any CPU = Debug|Any CPU
		Release|Any CPU = Release|Any CPU
	EndGlobalSection
	GlobalSection(ProjectConfigurationPlatforms) = postSolution
		{E931B246-F167-44AD-AF43-EEE49F93BFA9}.Debug|Any CPU.ActiveCfg = Debug|Any CPU
		{E931B246-F167-44AD-AF43-EEE49F93BFA9}.Debug|Any CPU.Build.0 = Debug|Any CPU
		{E931B246-F167-44AD-AF43-EEE49F93BFA9}.Release|Any CPU.ActiveCfg = Release|Any CPU
		{E931B246-F167-44AD-AF43-EEE49F93BFA9}.Release|Any CPU.Build.0 = Release|Any CPU
		{E5BEC2C6-F310-4E4F-B3D2-1D9F2B08A10F}.Debug|Any CPU.ActiveCfg = Debug|Any CPU
		{E5BEC2C6-F310-4E4F-B3D2-1D9F2B08A10F}.Debug|Any CPU.Build.0 = Debug|Any CPU
		{E5BEC2C6-F310-4E4F-B3D2-1D9F2B08A10F}.Release|Any CPU.ActiveCfg = Release|Any CPU
		{E5BEC2C6-F310-4E4F-B3D2-1D9F2B08A10F}.Release|Any CPU.Build.0 = Release|Any CPU
		{A9C4DB9A-0E55-402C-B9EF-A8E0864F9B11}.Debug|Any CPU.ActiveCfg = Debug|Any CPU
		{A9C4DB9A-0E55-402C-B9EF-A8E0864F9B11}.Debug|Any CPU.Build.0 = Debug|Any CPU
		{A9C4DB9A-0E55-402C-B9EF-A8E0864F9B11}.Release|Any CPU.ActiveCfg = Release|Any CPU
		{A9C4DB9A-0E55-402C-B9EF-A8E0864F9B11}.Release|Any CPU.Build.0 = Release|Any CPU
	EndGlobalSection
	GlobalSection(SolutionProperties) = preSolution
		HideSolutionNode = FALSE
	EndGlobalSection
	GlobalSection(ExtensibilityGlobals) = postSolution
		SolutionGuid = {ECFC8466-FEFA-4189-9AAB-2113E92CAEAA}
	EndGlobalSection
EndGlobal
